{
    "requires": true,
    "lockfileVersion": 1,
    "dependencies": {
        "awesomplete": {
            "version": "1.1.1",
            "resolved": "https://registry.npmjs.org/awesomplete/-/awesomplete-1.1.1.tgz",
            "integrity": "sha1-RgwgRdXD9YTzYpW+IGRbXM3IYKs="
        },
        "big.js": {
            "version": "5.2.2",
            "resolved": "https://registry.npmjs.org/big.js/-/big.js-5.2.2.tgz",
            "integrity": "sha512-vyL2OymJxmarO8gxMr0mhChsO9QGwhynfuu4+MHTAW6czfq9humCB7rKpUjDd9YUiDPU4mzpyupFSvOClAwbmQ=="
        },
        "bootstrap": {
            "version": "4.5.3",
            "resolved": "https://registry.npmjs.org/bootstrap/-/bootstrap-4.5.3.tgz",
            "integrity": "sha512-o9ppKQioXGqhw8Z7mah6KdTYpNQY//tipnkxppWhPbiSWdD+1raYsnhwEZjkTHYbGee4cVQ0Rx65EhOY/HNLcQ=="
        },
        "clustergrammer": {
            "version": "git+https://github.com/delosrogers/clustergrammer.git#8fb78d0f0b1a37c0dba5fac83b8106f9c96eed0b",
            "from": "git+https://github.com/delosrogers/clustergrammer.git",
            "requires": {
                "awesomplete": "1.1.1",
                "bootstrap": "4.5.3",
                "d3": "^3.5.15",
                "jquery": "3.5.1",
                "mathjs": "3.17.0",
                "save-svg-as-png": "^1.1.0",
                "style-loader": "^0.13.1",
                "underscore": "1.8.3"
            }
        },
        "complex.js": {
            "version": "2.0.4",
            "resolved": "https://registry.npmjs.org/complex.js/-/complex.js-2.0.4.tgz",
            "integrity": "sha512-Syl95HpxUTS0QjwNxencZsKukgh1zdS9uXeXX2Us0pHaqBR6kiZZi0AkZ9VpZFwHJyVIUVzI4EumjWdXP3fy6w=="
        },
        "d3": {
            "version": "3.5.17",
            "resolved": "https://registry.npmjs.org/d3/-/d3-3.5.17.tgz",
            "integrity": "sha1-vEZ0gAQ3iyGjYMn8fPUjF5B2L7g="
        },
        "decimal.js": {
            "version": "7.2.3",
            "resolved": "https://registry.npmjs.org/decimal.js/-/decimal.js-7.2.3.tgz",
            "integrity": "sha512-AoFI37QS0S87Ft0r3Bdz4q9xSpm1Paa9lSeKLXgMPk/u/+QPIM5Gy4DHcZQS1seqPJH4gHLauPGn347z0HbsrA=="
        },
        "emojis-list": {
            "version": "3.0.0",
            "resolved": "https://registry.npmjs.org/emojis-list/-/emojis-list-3.0.0.tgz",
            "integrity": "sha512-/kyM18EfinwXZbno9FyUGeFh87KC8HRQBQGildHZbEuRyWFOmv1U10o9BBp8XVZDVNNuQKyIGIu5ZYAAXJ0V2Q=="
        },
        "fraction.js": {
            "version": "4.0.2",
            "resolved": "https://registry.npmjs.org/fraction.js/-/fraction.js-4.0.2.tgz",
            "integrity": "sha512-OswcigOSil3vYXgrPSx4NCaSyPikXqVNYN/4CyhS0ucVOJ4GVYr6KQQLLcAudvS/4bBOzxqJ3XIsFaaMjl98ZQ=="
        },
        "javascript-natural-sort": {
            "version": "0.7.1",
            "resolved": "https://registry.npmjs.org/javascript-natural-sort/-/javascript-natural-sort-0.7.1.tgz",
            "integrity": "sha1-+eIwPUUH9tdDVac2ZNFED7Wg71k="
        },
        "jquery": {
            "version": "3.5.1",
            "resolved": "https://registry.npmjs.org/jquery/-/jquery-3.5.1.tgz",
            "integrity": "sha512-XwIBPqcMn57FxfT+Go5pzySnm4KWkT1Tv7gjrpT1srtf8Weynl6R273VJ5GjkRb51IzMp5nbaPjJXMWeju2MKg=="
        },
        "json5": {
            "version": "1.0.1",
            "resolved": "https://registry.npmjs.org/json5/-/json5-1.0.1.tgz",
            "integrity": "sha512-aKS4WQjPenRxiQsC93MNfjx+nbF4PAdYzmd/1JIj8HYzqfbu86beTuNgXDzPknWk0n0uARlyewZo4s++ES36Ow==",
            "requires": {
                "minimist": "^1.2.0"
            }
        },
        "loader-utils": {
            "version": "1.4.0",
            "resolved": "https://registry.npmjs.org/loader-utils/-/loader-utils-1.4.0.tgz",
            "integrity": "sha512-qH0WSMBtn/oHuwjy/NucEgbx5dbxxnxup9s4PVXJUDHZBQY+s0NWA9rJf53RBnQZxfch7euUui7hpoAPvALZdA==",
            "requires": {
                "big.js": "^5.2.2",
                "emojis-list": "^3.0.0",
                "json5": "^1.0.1"
            }
        },
        "mathjs": {
            "version": "3.17.0",
            "resolved": "https://registry.npmjs.org/mathjs/-/mathjs-3.17.0.tgz",
            "integrity": "sha512-bFDSjjLV3+csekog1L6z3FjZ0uSkRPFcMlbLef8KXxq68jtQQ48W2f+JKJugM9y6KxJEtt1zWFIGQnYKWR0nxg==",
            "requires": {
                "complex.js": "2.0.4",
                "decimal.js": "7.2.3",
                "fraction.js": "4.0.2",
                "javascript-natural-sort": "0.7.1",
                "seed-random": "2.2.0",
                "tiny-emitter": "2.0.0",
                "typed-function": "0.10.6"
            }
        },
        "minimist": {
            "version": "1.2.5",
            "resolved": "https://registry.npmjs.org/minimist/-/minimist-1.2.5.tgz",
            "integrity": "sha512-FM9nNUYrRBAELZQT3xeZQ7fmMOBg6nWNmJKTcgsJeaLstP/UODVpGsr5OhXhhXg6f+qtJ8uiZ+PUxkDWcgIXLw=="
        },
        "save-svg-as-png": {
            "version": "1.4.17",
            "resolved": "https://registry.npmjs.org/save-svg-as-png/-/save-svg-as-png-1.4.17.tgz",
            "integrity": "sha512-7QDaqJsVhdFPwviCxkgHiGm9omeaMBe1VKbHySWU6oFB2LtnGCcYS13eVoslUgq6VZC6Tjq/HddBd1K6p2PGpA=="
        },
        "seed-random": {
            "version": "2.2.0",
            "resolved": "https://registry.npmjs.org/seed-random/-/seed-random-2.2.0.tgz",
            "integrity": "sha1-KpsZ4lCoFwmSMaW5mk2vgLf77VQ="
        },
        "style-loader": {
            "version": "0.13.2",
            "resolved": "https://registry.npmjs.org/style-loader/-/style-loader-0.13.2.tgz",
            "integrity": "sha1-dFMzhM9pjHEEx5URULSXF63C87s=",
            "requires": {
                "loader-utils": "^1.0.2"
            }
        },
        "tiny-emitter": {
            "version": "2.0.0",
            "resolved": "https://registry.npmjs.org/tiny-emitter/-/tiny-emitter-2.0.0.tgz",
            "integrity": "sha1-utMnrbGAS0KiMa+nQVMr2ITNCa0="
        },
        "typed-function": {
            "version": "0.10.6",
            "resolved": "https://registry.npmjs.org/typed-function/-/typed-function-0.10.6.tgz",
            "integrity": "sha512-PYtsDjxyW3vq7Itn2RMz0cn6CrbybIY6XC2i9c1q1o/H94QW8B1Pf3wSsbBDOCMpN1i5jDRrlDsLXFaqXBpfHQ=="
        },
        "underscore": {
            "version": "1.8.3",
            "resolved": "https://registry.npmjs.org/underscore/-/underscore-1.8.3.tgz",
            "integrity": "sha1-Tz+1OxBuYJf8+ctBCfKl6b36UCI="
        }
    }
}
